
Microsoft Visual Studio Solution File, Format Version 12.00
# Visual Studio Version 16
VisualStudioVersion = 16.0.31605.320
MinimumVisualStudioVersion = 10.0.40219.1
Project("{FAE04EC0-301F-11D3-BF4B-00C04F79EFBC}") = "WebApplication1", "WebApplication1\WebApplication1.csproj", "{A3BE6DC0-9FFD-4821-BFA0-877AF0A77B88}"
EndProject
Project("{FAE04EC0-301F-11D3-BF4B-00C04F79EFBC}") = "WebApplication1.Tests", "WebApplication1.Tests\WebApplication1.Tests.csproj", "{CAB22F9C-A085-400A-A625-12E7655F0B62}"
EndProject
Global
	GlobalSection(SolutionConfigurationPlatforms) = preSolution
		Debug|Any CPU = Debug|Any CPU
		Release|Any CPU = Release|Any CPU
	EndGlobalSection
	GlobalSection(ProjectConfigurationPlatforms) = postSolution
		{A3BE6DC0-9FFD-4821-BFA0-877AF0A77B88}.Debug|Any CPU.ActiveCfg = Debug|Any CPU
		{A3BE6DC0-9FFD-4821-BFA0-877AF0A77B88}.Debug|Any CPU.Build.0 = Debug|Any CPU
		{A3BE6DC0-9FFD-4821-BFA0-877AF0A77B88}.Release|Any CPU.ActiveCfg = Release|Any CPU
		{A3BE6DC0-9FFD-4821-BFA0-877AF0A77B88}.Release|Any CPU.Build.0 = Release|Any CPU
		{CAB22F9C-A085-400A-A625-12E7655F0B62}.Debug|Any CPU.ActiveCfg = Debug|Any CPU
		{CAB22F9C-A085-400A-A625-12E7655F0B62}.Debug|Any CPU.Build.0 = Debug|Any CPU
		{CAB22F9C-A085-400A-A625-12E7655F0B62}.Release|Any CPU.ActiveCfg = Release|Any CPU
		{CAB22F9C-A085-400A-A625-12E7655F0B62}.Release|Any CPU.Build.0 = Release|Any CPU
	EndGlobalSection
	GlobalSection(SolutionProperties) = preSolution
		HideSolutionNode = FALSE
	EndGlobalSection
	GlobalSection(ExtensibilityGlobals) = postSolution
		SolutionGuid = {F0222CEF-2B7F-47F9-BC9A-A9FC24C88733}
	EndGlobalSection
EndGlobal
